// !$*UTF8*$!
{
	archiveVersion = 1;
	classes = {
	};
	objectVersion = 56;
	objects = {

/* Begin PBXBuildFile section */
		E39BF98F2939010D008323DC /* Points.swift in Sources */ = {isa = PBXBuildFile; fileRef = E39BF98E2939010D008323DC /* Points.swift */; };
		E39BF9912939066C008323DC /* NextPlayer.swift in Sources */ = {isa = PBXBuildFile; fileRef = E39BF9902939066C008323DC /* NextPlayer.swift */; };
		E3DC91FC2910145A00DAE65A /* DropDeadApp.swift in Sources */ = {isa = PBXBuildFile; fileRef = E3DC91FB2910145A00DAE65A /* DropDeadApp.swift */; };
		E3DC91FE2910145A00DAE65A /* ContentView.swift in Sources */ = {isa = PBXBuildFile; fileRef = E3DC91FD2910145A00DAE65A /* ContentView.swift */; };
		E3DC92002910145C00DAE65A /* Assets.xcassets in Resources */ = {isa = PBXBuildFile; fileRef = E3DC91FF2910145C00DAE65A /* Assets.xcassets */; };
		E3DC92032910145C00DAE65A /* Preview Assets.xcassets in Resources */ = {isa = PBXBuildFile; fileRef = E3DC92022910145C00DAE65A /* Preview Assets.xcassets */; };
		E3E6A1342923F10800710430 /* Home.swift in Sources */ = {isa = PBXBuildFile; fileRef = E3E6A1332923F10800710430 /* Home.swift */; };
		E3E6A14429268D6E00710430 /* DiceSceneView.swift in Sources */ = {isa = PBXBuildFile; fileRef = E3E6A14329268D6E00710430 /* DiceSceneView.swift */; };
		E3E6A14629268E7000710430 /* Dice.usdz in Resources */ = {isa = PBXBuildFile; fileRef = E3E6A14529268E7000710430 /* Dice.usdz */; };
		E3E6A14C2934629400710430 /* Rules.swift in Sources */ = {isa = PBXBuildFile; fileRef = E3E6A14B2934629400710430 /* Rules.swift */; };
		E3E6A1502936CB8400710430 /* PlayerSelect.swift in Sources */ = {isa = PBXBuildFile; fileRef = E3E6A14F2936CB8400710430 /* PlayerSelect.swift */; };
/* End PBXBuildFile section */

/* Begin PBXFileReference section */
		E39BF98E2939010D008323DC /* Points.swift */ = {isa = PBXFileReference; lastKnownFileType = sourcecode.swift; path = Points.swift; sourceTree = "<group>"; };
		E39BF9902939066C008323DC /* NextPlayer.swift */ = {isa = PBXFileReference; lastKnownFileType = sourcecode.swift; path = NextPlayer.swift; sourceTree = "<group>"; };
		E3DC91F82910145A00DAE65A /* DropDead.app */ = {isa = PBXFileReference; explicitFileType = wrapper.application; includeInIndex = 0; path = DropDead.app; sourceTree = BUILT_PRODUCTS_DIR; };
		E3DC91FB2910145A00DAE65A /* DropDeadApp.swift */ = {isa = PBXFileReference; lastKnownFileType = sourcecode.swift; path = DropDeadApp.swift; sourceTree = "<group>"; };
		E3DC91FD2910145A00DAE65A /* ContentView.swift */ = {isa = PBXFileReference; lastKnownFileType = sourcecode.swift; path = ContentView.swift; sourceTree = "<group>"; };
		E3DC91FF2910145C00DAE65A /* Assets.xcassets */ = {isa = PBXFileReference; lastKnownFileType = folder.assetcatalog; path = Assets.xcassets; sourceTree = "<group>"; };
		E3DC92022910145C00DAE65A /* Preview Assets.xcassets */ = {isa = PBXFileReference; lastKnownFileType = folder.assetcatalog; path = "Preview Assets.xcassets"; sourceTree = "<group>"; };
		E3E6A1332923F10800710430 /* Home.swift */ = {isa = PBXFileReference; lastKnownFileType = sourcecode.swift; path = Home.swift; sourceTree = "<group>"; };
		E3E6A14329268D6E00710430 /* DiceSceneView.swift */ = {isa = PBXFileReference; lastKnownFileType = sourcecode.swift; path = DiceSceneView.swift; sourceTree = "<group>"; };
		E3E6A14529268E7000710430 /* Dice.usdz */ = {isa = PBXFileReference; lastKnownFileType = file.usdz; path = Dice.usdz; sourceTree = "<group>"; };
		E3E6A14B2934629400710430 /* Rules.swift */ = {isa = PBXFileReference; lastKnownFileType = sourcecode.swift; path = Rules.swift; sourceTree = "<group>"; };
		E3E6A14F2936CB8400710430 /* PlayerSelect.swift */ = {isa = PBXFileReference; lastKnownFileType = sourcecode.swift; path = PlayerSelect.swift; sourceTree = "<group>"; };
/* End PBXFileReference section */

/* Begin PBXFrameworksBuildPhase section */
		E3DC91F52910145A00DAE65A /* Frameworks */ = {
			isa = PBXFrameworksBuildPhase;
			buildActionMask = 2147483647;
			files = (
			);
			runOnlyForDeploymentPostprocessing = 0;
		};
/* End PBXFrameworksBuildPhase section */

/* Begin PBXGroup section */
		E3DC91EF2910145A00DAE65A = {
			isa = PBXGroup;
			children = (
				E3DC91FA2910145A00DAE65A /* DropDead */,
				E3DC91F92910145A00DAE65A /* Products */,
			);
			sourceTree = "<group>";
		};
		E3DC91F92910145A00DAE65A /* Products */ = {
			isa = PBXGroup;
			children = (
				E3DC91F82910145A00DAE65A /* DropDead.app */,
			);
			name = Products;
			sourceTree = "<group>";
		};
		E3DC91FA2910145A00DAE65A /* DropDead */ = {
			isa = PBXGroup;
			children = (
				E3E6A1312923EF9100710430 /* Objects */,
				E3E6A1322923F0FD00710430 /* Views */,
				E3DC91FD2910145A00DAE65A /* ContentView.swift */,
				E3DC91FB2910145A00DAE65A /* DropDeadApp.swift */,
				E3DC91FF2910145C00DAE65A /* Assets.xcassets */,
				E3DC92012910145C00DAE65A /* Preview Content */,
			);
			path = DropDead;
			sourceTree = "<group>";
		};
		E3DC92012910145C00DAE65A /* Preview Content */ = {
			isa = PBXGroup;
			children = (
				E3DC92022910145C00DAE65A /* Preview Assets.xcassets */,
			);
			path = "Preview Content";
			sourceTree = "<group>";
		};
		E3E6A1312923EF9100710430 /* Objects */ = {
			isa = PBXGroup;
			children = (
				E3E6A14529268E7000710430 /* Dice.usdz */,
			);
			path = Objects;
			sourceTree = "<group>";
		};
		E3E6A1322923F0FD00710430 /* Views */ = {
			isa = PBXGroup;
			children = (
				E3E6A1332923F10800710430 /* Home.swift */,
				E39BF9902939066C008323DC /* NextPlayer.swift */,
				E39BF98E2939010D008323DC /* Points.swift */,
				E3E6A14F2936CB8400710430 /* PlayerSelect.swift */,
				E3E6A14B2934629400710430 /* Rules.swift */,
				E3E6A14329268D6E00710430 /* DiceSceneView.swift */,
			);
			path = Views;
			sourceTree = "<group>";
		};
/* End PBXGroup section */

/* Begin PBXNativeTarget section */
		E3DC91F72910145A00DAE65A /* DropDead */ = {
			isa = PBXNativeTarget;
			buildConfigurationList = E3DC92062910145C00DAE65A /* Build configuration list for PBXNativeTarget "DropDead" */;
			buildPhases = (
				E3DC91F42910145A00DAE65A /* Sources */,
				E3DC91F52910145A00DAE65A /* Frameworks */,
				E3DC91F62910145A00DAE65A /* Resources */,
			);
			buildRules = (
			);
			dependencies = (
			);
			name = DropDead;
			productName = Yahtzee;
			productReference = E3DC91F82910145A00DAE65A /* DropDead.app */;
			productType = "com.apple.product-type.application";
		};
/* End PBXNativeTarget section */

/* Begin PBXProject section */
		E3DC91F02910145A00DAE65A /* Project object */ = {
			isa = PBXProject;
			attributes = {
				BuildIndependentTargetsInParallel = 1;
				LastSwiftUpdateCheck = 1400;
				LastUpgradeCheck = 1400;
				TargetAttributes = {
					E3DC91F72910145A00DAE65A = {
						CreatedOnToolsVersion = 14.0;
					};
				};
			};
			buildConfigurationList = E3DC91F32910145A00DAE65A /* Build configuration list for PBXProject "DropDead" */;
			compatibilityVersion = "Xcode 14.0";
			developmentRegion = en;
			hasScannedForEncodings = 0;
			knownRegions = (
				en,
				Base,
			);
			mainGroup = E3DC91EF2910145A00DAE65A;
			productRefGroup = E3DC91F92910145A00DAE65A /* Products */;
			projectDirPath = "";
			projectRoot = "";
			targets = (
				E3DC91F72910145A00DAE65A /* DropDead */,
			);
		};
/* End PBXProject section */

/* Begin PBXResourcesBuildPhase section */
		E3DC91F62910145A00DAE65A /* Resources */ = {
			isa = PBXResourcesBuildPhase;
			buildActionMask = 2147483647;
			files = (
				E3E6A14629268E7000710430 /* Dice.usdz in Resources */,
				E3DC92032910145C00DAE65A /* Preview Assets.xcassets in Resources */,
				E3DC92002910145C00DAE65A /* Assets.xcassets in Resources */,
			);
			runOnlyForDeploymentPostprocessing = 0;
		};
/* End PBXResourcesBuildPhase section */

/* Begin PBXSourcesBuildPhase section */
		E3DC91F42910145A00DAE65A /* Sources */ = {
			isa = PBXSourcesBuildPhase;
			buildActionMask = 2147483647;
			files = (
				E3E6A14429268D6E00710430 /* DiceSceneView.swift in Sources */,
				E3DC91FE2910145A00DAE65A /* ContentView.swift in Sources */,
				E3E6A1342923F10800710430 /* Home.swift in Sources */,
				E3DC91FC2910145A00DAE65A /* DropDeadApp.swift in Sources */,
				E39BF98F2939010D008323DC /* Points.swift in Sources */,
				E3E6A1502936CB8400710430 /* PlayerSelect.swift in Sources */,
				E3E6A14C2934629400710430 /* Rules.swift in Sources */,
				E39BF9912939066C008323DC /* NextPlayer.swift in Sources */,
			);
			runOnlyForDeploymentPostprocessing = 0;
		};
/* End PBXSourcesBuildPhase section */

/* Begin XCBuildConfiguration section */
		E3DC92042910145C00DAE65A /* Debug */ = {
			isa = XCBuildConfiguration;
			buildSettings = {
				ALWAYS_SEARCH_USER_PATHS = NO;
				CLANG_ANALYZER_NONNULL = YES;
				CLANG_ANALYZER_NUMBER_OBJECT_CONVERSION = YES_AGGRESSIVE;
				CLANG_CXX_LANGUAGE_STANDARD = "gnu++20";
				CLANG_ENABLE_MODULES = YES;
				CLANG_ENABLE_OBJC_ARC = YES;
				CLANG_ENABLE_OBJC_WEAK = YES;
				CLANG_WARN_BLOCK_CAPTURE_AUTORELEASING = YES;
				CLANG_WARN_BOOL_CONVERSION = YES;
				CLANG_WARN_COMMA = YES;
				CLANG_WARN_CONSTANT_CONVERSION = YES;
				CLANG_WARN_DEPRECATED_OBJC_IMPLEMENTATIONS = YES;
				CLANG_WARN_DIRECT_OBJC_ISA_USAGE = YES_ERROR;
				CLANG_WARN_DOCUMENTATION_COMMENTS = YES;
				CLANG_WARN_EMPTY_BODY = YES;
				CLANG_WARN_ENUM_CONVERSION = YES;
				CLANG_WARN_INFINITE_RECURSION = YES;
				CLANG_WARN_INT_CONVERSION = YES;
				CLANG_WARN_NON_LITERAL_NULL_CONVERSION = YES;
				CLANG_WARN_OBJC_IMPLICIT_RETAIN_SELF = YES;
				CLANG_WARN_OBJC_LITERAL_CONVERSION = YES;
				CLANG_WARN_OBJC_ROOT_CLASS = YES_ERROR;
				CLANG_WARN_QUOTED_INCLUDE_IN_FRAMEWORK_HEADER = YES;
				CLANG_WARN_RANGE_LOOP_ANALYSIS = YES;
				CLANG_WARN_STRICT_PROTOTYPES = YES;
				CLANG_WARN_SUSPICIOUS_MOVE = YES;
				CLANG_WARN_UNGUARDED_AVAILABILITY = YES_AGGRESSIVE;
				CLANG_WARN_UNREACHABLE_CODE = YES;
				CLANG_WARN__DUPLICATE_METHOD_MATCH = YES;
				COPY_PHASE_STRIP = NO;
				DEBUG_INFORMATION_FORMAT = dwarf;
				ENABLE_STRICT_OBJC_MSGSEND = YES;
				ENABLE_TESTABILITY = YES;
				GCC_C_LANGUAGE_STANDARD = gnu11;
				GCC_DYNAMIC_NO_PIC = NO;
				GCC_NO_COMMON_BLOCKS = YES;
				GCC_OPTIMIZATION_LEVEL = 0;
				GCC_PREPROCESSOR_DEFINITIONS = (
					"DEBUG=1",
					"$(inherited)",
				);
				GCC_WARN_64_TO_32_BIT_CONVERSION = YES;
				GCC_WARN_ABOUT_RETURN_TYPE = YES_ERROR;
				GCC_WARN_UNDECLARED_SELECTOR = YES;
				GCC_WARN_UNINITIALIZED_AUTOS = YES_AGGRESSIVE;
				GCC_WARN_UNUSED_FUNCTION = YES;
				GCC_WARN_UNUSED_VARIABLE = YES;
				IPHONEOS_DEPLOYMENT_TARGET = 16.0;
				MTL_ENABLE_DEBUG_INFO = INCLUDE_SOURCE;
				MTL_FAST_MATH = YES;
				ONLY_ACTIVE_ARCH = YES;
				SDKROOT = iphoneos;
				SWIFT_ACTIVE_COMPILATION_CONDITIONS = DEBUG;
				SWIFT_OPTIMIZATION_LEVEL = "-Onone";
			};
			name = Debug;
		};
		E3DC92052910145C00DAE65A /* Release */ = {
			isa = XCBuildConfiguration;
			buildSettings = {
				ALWAYS_SEARCH_USER_PATHS = NO;
				CLANG_ANALYZER_NONNULL = YES;
				CLANG_ANALYZER_NUMBER_OBJECT_CONVERSION = YES_AGGRESSIVE;
				CLANG_CXX_LANGUAGE_STANDARD = "gnu++20";
				CLANG_ENABLE_MODULES = YES;
				CLANG_ENABLE_OBJC_ARC = YES;
				CLANG_ENABLE_OBJC_WEAK = YES;
				CLANG_WARN_BLOCK_CAPTURE_AUTORELEASING = YES;
				CLANG_WARN_BOOL_CONVERSION = YES;
				CLANG_WARN_COMMA = YES;
				CLANG_WARN_CONSTANT_CONVERSION = YES;
				CLANG_WARN_DEPRECATED_OBJC_IMPLEMENTATIONS = YES;
				CLANG_WARN_DIRECT_OBJC_ISA_USAGE = YES_ERROR;
				CLANG_WARN_DOCUMENTATION_COMMENTS = YES;
				CLANG_WARN_EMPTY_BODY = YES;
				CLANG_WARN_ENUM_CONVERSION = YES;
				CLANG_WARN_INFINITE_RECURSION = YES;
				CLANG_WARN_INT_CONVERSION = YES;
				CLANG_WARN_NON_LITERAL_NULL_CONVERSION = YES;
				CLANG_WARN_OBJC_IMPLICIT_RETAIN_SELF = YES;
				CLANG_WARN_OBJC_LITERAL_CONVERSION = YES;
				CLANG_WARN_OBJC_ROOT_CLASS = YES_ERROR;
				CLANG_WARN_QUOTED_INCLUDE_IN_FRAMEWORK_HEADER = YES;
				CLANG_WARN_RANGE_LOOP_ANALYSIS = YES;
				CLANG_WARN_STRICT_PROTOTYPES = YES;
				CLANG_WARN_SUSPICIOUS_MOVE = YES;
				CLANG_WARN_UNGUARDED_AVAILABILITY = YES_AGGRESSIVE;
				CLANG_WARN_UNREACHABLE_CODE = YES;
				CLANG_WARN__DUPLICATE_METHOD_MATCH = YES;
				COPY_PHASE_STRIP = NO;
				DEBUG_INFORMATION_FORMAT = "dwarf-with-dsym";
				ENABLE_NS_ASSERTIONS = NO;
				ENABLE_STRICT_OBJC_MSGSEND = YES;
				GCC_C_LANGUAGE_STANDARD = gnu11;
				GCC_NO_COMMON_BLOCKS = YES;
				GCC_WARN_64_TO_32_BIT_CONVERSION = YES;
				GCC_WARN_ABOUT_RETURN_TYPE = YES_ERROR;
				GCC_WARN_UNDECLARED_SELECTOR = YES;
				GCC_WARN_UNINITIALIZED_AUTOS = YES_AGGRESSIVE;
				GCC_WARN_UNUSED_FUNCTION = YES;
				GCC_WARN_UNUSED_VARIABLE = YES;
				IPHONEOS_DEPLOYMENT_TARGET = 16.0;
				MTL_ENABLE_DEBUG_INFO = NO;
				MTL_FAST_MATH = YES;
				SDKROOT = iphoneos;
				SWIFT_COMPILATION_MODE = wholemodule;
				SWIFT_OPTIMIZATION_LEVEL = "-O";
				VALIDATE_PRODUCT = YES;
			};
			name = Release;
		};
		E3DC92072910145C00DAE65A /* Debug */ = {
			isa = XCBuildConfiguration;
			buildSettings = {
				ASSETCATALOG_COMPILER_APPICON_NAME = AppIcon;
				ASSETCATALOG_COMPILER_GLOBAL_ACCENT_COLOR_NAME = AccentColor;
				CODE_SIGN_STYLE = Automatic;
				CURRENT_PROJECT_VERSION = 1;
				DEVELOPMENT_ASSET_PATHS = "\"DropDead/Preview Content\"";
				DEVELOPMENT_TEAM = FH76A842AA;
				ENABLE_PREVIEWS = YES;
				GENERATE_INFOPLIST_FILE = YES;
				INFOPLIST_KEY_LSApplicationCategoryType = "public.app-category.dice-games";
				INFOPLIST_KEY_UIApplicationSceneManifest_Generation = YES;
				INFOPLIST_KEY_UIApplicationSupportsIndirectInputEvents = YES;
				INFOPLIST_KEY_UILaunchScreen_Generation = YES;
				INFOPLIST_KEY_UISupportedInterfaceOrientations = UIInterfaceOrientationPortrait;
				INFOPLIST_KEY_UISupportedInterfaceOrientations_iPad = "UIInterfaceOrientationLandscapeLeft UIInterfaceOrientationLandscapeRight UIInterfaceOrientationPortrait UIInterfaceOrientationPortraitUpsideDown";
				LD_RUNPATH_SEARCH_PATHS = (
					"$(inherited)",
					"@executable_path/Frameworks",
				);
				MARKETING_VERSION = 1.0;
				PRODUCT_BUNDLE_IDENTIFIER = awhite.Yahtzee;
				PRODUCT_NAME = "$(TARGET_NAME)";
				SWIFT_EMIT_LOC_STRINGS = YES;
				SWIFT_VERSION = 5.0;
				TARGETED_DEVICE_FAMILY = "1,2";
			};
			name = Debug;
		};
		E3DC92082910145C00DAE65A /* Release */ = {
			isa = XCBuildConfiguration;
			buildSettings = {
				ASSETCATALOG_COMPILER_APPICON_NAME = AppIcon;
				ASSETCATALOG_COMPILER_GLOBAL_ACCENT_COLOR_NAME = AccentColor;
				CODE_SIGN_STYLE = Automatic;
				CURRENT_PROJECT_VERSION = 1;
				DEVELOPMENT_ASSET_PATHS = "\"DropDead/Preview Content\"";
				DEVELOPMENT_TEAM = FH76A842AA;
				ENABLE_PREVIEWS = YES;
				GENERATE_INFOPLIST_FILE = YES;
				INFOPLIST_KEY_LSApplicationCategoryType = "public.app-category.dice-games";
				INFOPLIST_KEY_UIApplicationSceneManifest_Generation = YES;
				INFOPLIST_KEY_UIApplicationSupportsIndirectInputEvents = YES;
				INFOPLIST_KEY_UILaunchScreen_Generation = YES;
				INFOPLIST_KEY_UISupportedInterfaceOrientations = UIInterfaceOrientationPortrait;
				INFOPLIST_KEY_UISupportedInterfaceOrientations_iPad = "UIInterfaceOrientationLandscapeLeft UIInterfaceOrientationLandscapeRight UIInterfaceOrientationPortrait UIInterfaceOrientationPortraitUpsideDown";
				LD_RUNPATH_SEARCH_PATHS = (
					"$(inherited)",
					"@executable_path/Frameworks",
				);
				MARKETING_VERSION = 1.0;
				PRODUCT_BUNDLE_IDENTIFIER = awhite.Yahtzee;
				PRODUCT_NAME = "$(TARGET_NAME)";
				SWIFT_EMIT_LOC_STRINGS = YES;
				SWIFT_VERSION = 5.0;
				TARGETED_DEVICE_FAMILY = "1,2";
			};
			name = Release;
		};
/* End XCBuildConfiguration section */

/* Begin XCConfigurationList section */
		E3DC91F32910145A00DAE65A /* Build configuration list for PBXProject "DropDead" */ = {
			isa = XCConfigurationList;
			buildConfigurations = (
				E3DC92042910145C00DAE65A /* Debug */,
				E3DC92052910145C00DAE65A /* Release */,
			);
			defaultConfigurationIsVisible = 0;
			defaultConfigurationName = Release;
		};
		E3DC92062910145C00DAE65A /* Build configuration list for PBXNativeTarget "DropDead" */ = {
			isa = XCConfigurationList;
			buildConfigurations = (
				E3DC92072910145C00DAE65A /* Debug */,
				E3DC92082910145C00DAE65A /* Release */,
			);
			defaultConfigurationIsVisible = 0;
			defaultConfigurationName = Release;
		};
/* End XCConfigurationList section */
	};
	rootObject = E3DC91F02910145A00DAE65A /* Project object */;
}
